
Microsoft Visual Studio Solution File, Format Version 12.00
# Visual Studio Version 16
VisualStudioVersion = 16.0.30523.141
MinimumVisualStudioVersion = 10.0.40219.1
Project("{9A19103F-16F7-4668-BE54-9A1E7A4F7556}") = "Blazor_Simple_Signal.Server", "Blazor_Simple_Signal\Server\Blazor_Simple_Signal.Server.csproj", "{DC9FB1E6-2021-4CB5-A9C8-17C4089EDEB2}"
EndProject
Project("{9A19103F-16F7-4668-BE54-9A1E7A4F7556}") = "Blazor_Simple_Signal.Client", "Blazor_Simple_Signal\Client\Blazor_Simple_Signal.Client.csproj", "{97728ECB-355D-4864-BB84-7B8354F70B4E}"
EndProject
Project("{9A19103F-16F7-4668-BE54-9A1E7A4F7556}") = "Blazor_Simple_Signal.Shared", "Blazor_Simple_Signal\Shared\Blazor_Simple_Signal.Shared.csproj", "{F452F079-C383-48A3-8203-F4B4A2A46E62}"
EndProject
Global
	GlobalSection(SolutionConfigurationPlatforms) = preSolution
		Debug|Any CPU = Debug|Any CPU
		Release|Any CPU = Release|Any CPU
	EndGlobalSection
	GlobalSection(ProjectConfigurationPlatforms) = postSolution
		{DC9FB1E6-2021-4CB5-A9C8-17C4089EDEB2}.Debug|Any CPU.ActiveCfg = Debug|Any CPU
		{DC9FB1E6-2021-4CB5-A9C8-17C4089EDEB2}.Debug|Any CPU.Build.0 = Debug|Any CPU
		{DC9FB1E6-2021-4CB5-A9C8-17C4089EDEB2}.Release|Any CPU.ActiveCfg = Release|Any CPU
		{DC9FB1E6-2021-4CB5-A9C8-17C4089EDEB2}.Release|Any CPU.Build.0 = Release|Any CPU
		{97728ECB-355D-4864-BB84-7B8354F70B4E}.Debug|Any CPU.ActiveCfg = Debug|Any CPU
		{97728ECB-355D-4864-BB84-7B8354F70B4E}.Debug|Any CPU.Build.0 = Debug|Any CPU
		{97728ECB-355D-4864-BB84-7B8354F70B4E}.Release|Any CPU.ActiveCfg = Release|Any CPU
		{97728ECB-355D-4864-BB84-7B8354F70B4E}.Release|Any CPU.Build.0 = Release|Any CPU
		{F452F079-C383-48A3-8203-F4B4A2A46E62}.Debug|Any CPU.ActiveCfg = Debug|Any CPU
		{F452F079-C383-48A3-8203-F4B4A2A46E62}.Debug|Any CPU.Build.0 = Debug|Any CPU
		{F452F079-C383-48A3-8203-F4B4A2A46E62}.Release|Any CPU.ActiveCfg = Release|Any CPU
		{F452F079-C383-48A3-8203-F4B4A2A46E62}.Release|Any CPU.Build.0 = Release|Any CPU
	EndGlobalSection
	GlobalSection(SolutionProperties) = preSolution
		HideSolutionNode = FALSE
	EndGlobalSection
	GlobalSection(ExtensibilityGlobals) = postSolution
		SolutionGuid = {0B4C422A-A31F-48AE-863C-045CAD49557D}
	EndGlobalSection
EndGlobal
